
Microsoft Visual Studio Solution File, Format Version 12.00
# Visual Studio Version 17
VisualStudioVersion = 17.0.32126.317
MinimumVisualStudioVersion = 10.0.40219.1
Project("{9A19103F-16F7-4668-BE54-9A1E7A4F7556}") = "DirectoryScanner", "DirectoryScanner\DirectoryScanner.csproj", "{3C7AE894-9651-4874-B89C-BF9A195F92F8}"
EndProject
Project("{9A19103F-16F7-4668-BE54-9A1E7A4F7556}") = "UserInterface", "UserInterface\UserInterface.csproj", "{75639A18-A5C5-4727-80D8-A2AAE1A74D37}"
EndProject
Project("{FAE04EC0-301F-11D3-BF4B-00C04F79EFBC}") = "DirScannerTests", "DirScannerTests\DirScannerTests.csproj", "{530A7C50-19A1-4535-B68C-672C33AE09EF}"
EndProject
Global
	GlobalSection(SolutionConfigurationPlatforms) = preSolution
		Debug|Any CPU = Debug|Any CPU
		Release|Any CPU = Release|Any CPU
	EndGlobalSection
	GlobalSection(ProjectConfigurationPlatforms) = postSolution
		{3C7AE894-9651-4874-B89C-BF9A195F92F8}.Debug|Any CPU.ActiveCfg = Debug|Any CPU
		{3C7AE894-9651-4874-B89C-BF9A195F92F8}.Debug|Any CPU.Build.0 = Debug|Any CPU
		{3C7AE894-9651-4874-B89C-BF9A195F92F8}.Release|Any CPU.ActiveCfg = Release|Any CPU
		{3C7AE894-9651-4874-B89C-BF9A195F92F8}.Release|Any CPU.Build.0 = Release|Any CPU
		{75639A18-A5C5-4727-80D8-A2AAE1A74D37}.Debug|Any CPU.ActiveCfg = Debug|Any CPU
		{75639A18-A5C5-4727-80D8-A2AAE1A74D37}.Debug|Any CPU.Build.0 = Debug|Any CPU
		{75639A18-A5C5-4727-80D8-A2AAE1A74D37}.Release|Any CPU.ActiveCfg = Release|Any CPU
		{75639A18-A5C5-4727-80D8-A2AAE1A74D37}.Release|Any CPU.Build.0 = Release|Any CPU
		{530A7C50-19A1-4535-B68C-672C33AE09EF}.Debug|Any CPU.ActiveCfg = Debug|Any CPU
		{530A7C50-19A1-4535-B68C-672C33AE09EF}.Debug|Any CPU.Build.0 = Debug|Any CPU
		{530A7C50-19A1-4535-B68C-672C33AE09EF}.Release|Any CPU.ActiveCfg = Release|Any CPU
		{530A7C50-19A1-4535-B68C-672C33AE09EF}.Release|Any CPU.Build.0 = Release|Any CPU
	EndGlobalSection
	GlobalSection(SolutionProperties) = preSolution
		HideSolutionNode = FALSE
	EndGlobalSection
	GlobalSection(ExtensibilityGlobals) = postSolution
		SolutionGuid = {8848DF25-EF6B-471B-A125-B3D6283D9EF0}
	EndGlobalSection
EndGlobal
